
Microsoft Visual Studio Solution File, Format Version 12.00
Project("{FAE04EC0-301F-11D3-BF4B-00C04F79EFBC}") = "Aquid.Application", "Aquid.Application\Aquid.Application.csproj", "{7D234114-7FDA-4ACF-B874-78FA3D5E3210}"
EndProject
Project("{FAE04EC0-301F-11D3-BF4B-00C04F79EFBC}") = "Aquid.Core", "Aquid.Core\Aquid.Core.csproj", "{7CE3AFC7-7592-4A6E-B789-B9E49B5AB800}"
EndProject
Global
	GlobalSection(SolutionConfigurationPlatforms) = preSolution
		Debug|Any CPU = Debug|Any CPU
		Release|Any CPU = Release|Any CPU
	EndGlobalSection
	GlobalSection(ProjectConfigurationPlatforms) = postSolution
		{7D234114-7FDA-4ACF-B874-78FA3D5E3210}.Debug|Any CPU.ActiveCfg = Debug|Any CPU
		{7D234114-7FDA-4ACF-B874-78FA3D5E3210}.Debug|Any CPU.Build.0 = Debug|Any CPU
		{7D234114-7FDA-4ACF-B874-78FA3D5E3210}.Release|Any CPU.ActiveCfg = Release|Any CPU
		{7D234114-7FDA-4ACF-B874-78FA3D5E3210}.Release|Any CPU.Build.0 = Release|Any CPU
		{7CE3AFC7-7592-4A6E-B789-B9E49B5AB800}.Debug|Any CPU.ActiveCfg = Debug|Any CPU
		{7CE3AFC7-7592-4A6E-B789-B9E49B5AB800}.Debug|Any CPU.Build.0 = Debug|Any CPU
		{7CE3AFC7-7592-4A6E-B789-B9E49B5AB800}.Release|Any CPU.ActiveCfg = Release|Any CPU
		{7CE3AFC7-7592-4A6E-B789-B9E49B5AB800}.Release|Any CPU.Build.0 = Release|Any CPU
	EndGlobalSection
EndGlobal
